// !$*UTF8*$!
{
	archiveVersion = 1;
	classes = {
	};
	objectVersion = 52;
	objects = {

/* Begin PBXBuildFile section */
		3533495136D843E85211E3E2 /* Pods_Mastodon_MastodonUITests.framework in Frameworks */ = {isa = PBXBuildFile; fileRef = A1B4523A7981F1044DE89C21 /* Pods_Mastodon_MastodonUITests.framework */; };
		5D526FE225BE9AC400460CB9 /* MastodonSDK in Frameworks */ = {isa = PBXBuildFile; productRef = 5D526FE125BE9AC400460CB9 /* MastodonSDK */; };
		5E44BF88AD33646E64727BCF /* Pods_MastodonTests.framework in Frameworks */ = {isa = PBXBuildFile; fileRef = CD92E0F10BDE4FE7C4B999F2 /* Pods_MastodonTests.framework */; };
		7A9135D4559750AF07CA9BE4 /* Pods_Mastodon.framework in Frameworks */ = {isa = PBXBuildFile; fileRef = 602D783BEC22881EBAD84419 /* Pods_Mastodon.framework */; };
		DB3D0FF325BAA61700EAA174 /* AlamofireImage in Frameworks */ = {isa = PBXBuildFile; productRef = DB3D0FF225BAA61700EAA174 /* AlamofireImage */; };
		DB3D100025BAA6DA00EAA174 /* ViewController.swift in Sources */ = {isa = PBXBuildFile; fileRef = DB3D0FFF25BAA6DA00EAA174 /* ViewController.swift */; };
		DB3D100D25BAA75E00EAA174 /* Localizable.strings in Resources */ = {isa = PBXBuildFile; fileRef = DB3D100F25BAA75E00EAA174 /* Localizable.strings */; };
		DB3D102425BAA7B400EAA174 /* Assets.swift in Sources */ = {isa = PBXBuildFile; fileRef = DB3D102225BAA7B400EAA174 /* Assets.swift */; };
		DB3D102525BAA7B400EAA174 /* Strings.swift in Sources */ = {isa = PBXBuildFile; fileRef = DB3D102325BAA7B400EAA174 /* Strings.swift */; };
		DB427DD625BAA00100D1B89D /* AppDelegate.swift in Sources */ = {isa = PBXBuildFile; fileRef = DB427DD525BAA00100D1B89D /* AppDelegate.swift */; };
		DB427DD825BAA00100D1B89D /* SceneDelegate.swift in Sources */ = {isa = PBXBuildFile; fileRef = DB427DD725BAA00100D1B89D /* SceneDelegate.swift */; };
		DB427DDD25BAA00100D1B89D /* Main.storyboard in Resources */ = {isa = PBXBuildFile; fileRef = DB427DDB25BAA00100D1B89D /* Main.storyboard */; };
		DB427DDF25BAA00100D1B89D /* Assets.xcassets in Resources */ = {isa = PBXBuildFile; fileRef = DB427DDE25BAA00100D1B89D /* Assets.xcassets */; };
		DB427DE225BAA00100D1B89D /* LaunchScreen.storyboard in Resources */ = {isa = PBXBuildFile; fileRef = DB427DE025BAA00100D1B89D /* LaunchScreen.storyboard */; };
		DB427DED25BAA00100D1B89D /* MastodonTests.swift in Sources */ = {isa = PBXBuildFile; fileRef = DB427DEC25BAA00100D1B89D /* MastodonTests.swift */; };
		DB427DF825BAA00100D1B89D /* MastodonUITests.swift in Sources */ = {isa = PBXBuildFile; fileRef = DB427DF725BAA00100D1B89D /* MastodonUITests.swift */; };
/* End PBXBuildFile section */

/* Begin PBXContainerItemProxy section */
		DB427DE925BAA00100D1B89D /* PBXContainerItemProxy */ = {
			isa = PBXContainerItemProxy;
			containerPortal = DB427DCA25BAA00100D1B89D /* Project object */;
			proxyType = 1;
			remoteGlobalIDString = DB427DD125BAA00100D1B89D;
			remoteInfo = Mastodon;
		};
		DB427DF425BAA00100D1B89D /* PBXContainerItemProxy */ = {
			isa = PBXContainerItemProxy;
			containerPortal = DB427DCA25BAA00100D1B89D /* Project object */;
			proxyType = 1;
			remoteGlobalIDString = DB427DD125BAA00100D1B89D;
			remoteInfo = Mastodon;
		};
/* End PBXContainerItemProxy section */

/* Begin PBXFileReference section */
		2E1F6A67FDF9771D3E064FDC /* Pods-Mastodon.debug.xcconfig */ = {isa = PBXFileReference; includeInIndex = 1; lastKnownFileType = text.xcconfig; name = "Pods-Mastodon.debug.xcconfig"; path = "Target Support Files/Pods-Mastodon/Pods-Mastodon.debug.xcconfig"; sourceTree = "<group>"; };
		459EA4F43058CAB47719E963 /* Pods-Mastodon-MastodonUITests.debug.xcconfig */ = {isa = PBXFileReference; includeInIndex = 1; lastKnownFileType = text.xcconfig; name = "Pods-Mastodon-MastodonUITests.debug.xcconfig"; path = "Target Support Files/Pods-Mastodon-MastodonUITests/Pods-Mastodon-MastodonUITests.debug.xcconfig"; sourceTree = "<group>"; };
		602D783BEC22881EBAD84419 /* Pods_Mastodon.framework */ = {isa = PBXFileReference; explicitFileType = wrapper.framework; includeInIndex = 0; path = Pods_Mastodon.framework; sourceTree = BUILT_PRODUCTS_DIR; };
		75E3471C898DDD9631729B6E /* Pods-Mastodon.release.xcconfig */ = {isa = PBXFileReference; includeInIndex = 1; lastKnownFileType = text.xcconfig; name = "Pods-Mastodon.release.xcconfig"; path = "Target Support Files/Pods-Mastodon/Pods-Mastodon.release.xcconfig"; sourceTree = "<group>"; };
		9780A4C98FFC65B32B50D1C0 /* Pods-MastodonTests.release.xcconfig */ = {isa = PBXFileReference; includeInIndex = 1; lastKnownFileType = text.xcconfig; name = "Pods-MastodonTests.release.xcconfig"; path = "Target Support Files/Pods-MastodonTests/Pods-MastodonTests.release.xcconfig"; sourceTree = "<group>"; };
		A1B4523A7981F1044DE89C21 /* Pods_Mastodon_MastodonUITests.framework */ = {isa = PBXFileReference; explicitFileType = wrapper.framework; includeInIndex = 0; path = Pods_Mastodon_MastodonUITests.framework; sourceTree = BUILT_PRODUCTS_DIR; };
		BB482D32A7B9825BF5327C4F /* Pods-Mastodon-MastodonUITests.release.xcconfig */ = {isa = PBXFileReference; includeInIndex = 1; lastKnownFileType = text.xcconfig; name = "Pods-Mastodon-MastodonUITests.release.xcconfig"; path = "Target Support Files/Pods-Mastodon-MastodonUITests/Pods-Mastodon-MastodonUITests.release.xcconfig"; sourceTree = "<group>"; };
		CD92E0F10BDE4FE7C4B999F2 /* Pods_MastodonTests.framework */ = {isa = PBXFileReference; explicitFileType = wrapper.framework; includeInIndex = 0; path = Pods_MastodonTests.framework; sourceTree = BUILT_PRODUCTS_DIR; };
		DB3D0FED25BAA42200EAA174 /* MastodonSDK */ = {isa = PBXFileReference; lastKnownFileType = folder; path = MastodonSDK; sourceTree = "<group>"; };
		DB3D0FFF25BAA6DA00EAA174 /* ViewController.swift */ = {isa = PBXFileReference; fileEncoding = 4; lastKnownFileType = sourcecode.swift; path = ViewController.swift; sourceTree = "<group>"; };
		DB3D100E25BAA75E00EAA174 /* en */ = {isa = PBXFileReference; lastKnownFileType = text.plist.strings; name = en; path = en.lproj/Localizable.strings; sourceTree = "<group>"; };
		DB3D102225BAA7B400EAA174 /* Assets.swift */ = {isa = PBXFileReference; fileEncoding = 4; lastKnownFileType = sourcecode.swift; path = Assets.swift; sourceTree = "<group>"; };
		DB3D102325BAA7B400EAA174 /* Strings.swift */ = {isa = PBXFileReference; fileEncoding = 4; lastKnownFileType = sourcecode.swift; path = Strings.swift; sourceTree = "<group>"; };
		DB427DD225BAA00100D1B89D /* Mastodon.app */ = {isa = PBXFileReference; explicitFileType = wrapper.application; includeInIndex = 0; path = Mastodon.app; sourceTree = BUILT_PRODUCTS_DIR; };
		DB427DD525BAA00100D1B89D /* AppDelegate.swift */ = {isa = PBXFileReference; lastKnownFileType = sourcecode.swift; path = AppDelegate.swift; sourceTree = "<group>"; };
		DB427DD725BAA00100D1B89D /* SceneDelegate.swift */ = {isa = PBXFileReference; lastKnownFileType = sourcecode.swift; path = SceneDelegate.swift; sourceTree = "<group>"; };
		DB427DDC25BAA00100D1B89D /* Base */ = {isa = PBXFileReference; lastKnownFileType = file.storyboard; name = Base; path = Base.lproj/Main.storyboard; sourceTree = "<group>"; };
		DB427DDE25BAA00100D1B89D /* Assets.xcassets */ = {isa = PBXFileReference; lastKnownFileType = folder.assetcatalog; path = Assets.xcassets; sourceTree = "<group>"; };
		DB427DE125BAA00100D1B89D /* Base */ = {isa = PBXFileReference; lastKnownFileType = file.storyboard; name = Base; path = Base.lproj/LaunchScreen.storyboard; sourceTree = "<group>"; };
		DB427DE325BAA00100D1B89D /* Info.plist */ = {isa = PBXFileReference; lastKnownFileType = text.plist.xml; path = Info.plist; sourceTree = "<group>"; };
		DB427DE825BAA00100D1B89D /* MastodonTests.xctest */ = {isa = PBXFileReference; explicitFileType = wrapper.cfbundle; includeInIndex = 0; path = MastodonTests.xctest; sourceTree = BUILT_PRODUCTS_DIR; };
		DB427DEC25BAA00100D1B89D /* MastodonTests.swift */ = {isa = PBXFileReference; lastKnownFileType = sourcecode.swift; path = MastodonTests.swift; sourceTree = "<group>"; };
		DB427DEE25BAA00100D1B89D /* Info.plist */ = {isa = PBXFileReference; lastKnownFileType = text.plist.xml; path = Info.plist; sourceTree = "<group>"; };
		DB427DF325BAA00100D1B89D /* MastodonUITests.xctest */ = {isa = PBXFileReference; explicitFileType = wrapper.cfbundle; includeInIndex = 0; path = MastodonUITests.xctest; sourceTree = BUILT_PRODUCTS_DIR; };
		DB427DF725BAA00100D1B89D /* MastodonUITests.swift */ = {isa = PBXFileReference; lastKnownFileType = sourcecode.swift; path = MastodonUITests.swift; sourceTree = "<group>"; };
		DB427DF925BAA00100D1B89D /* Info.plist */ = {isa = PBXFileReference; lastKnownFileType = text.plist.xml; path = Info.plist; sourceTree = "<group>"; };
		EC6E707B68A67DB08EC288FA /* Pods-MastodonTests.debug.xcconfig */ = {isa = PBXFileReference; includeInIndex = 1; lastKnownFileType = text.xcconfig; name = "Pods-MastodonTests.debug.xcconfig"; path = "Target Support Files/Pods-MastodonTests/Pods-MastodonTests.debug.xcconfig"; sourceTree = "<group>"; };
/* End PBXFileReference section */

/* Begin PBXFrameworksBuildPhase section */
		DB427DCF25BAA00100D1B89D /* Frameworks */ = {
			isa = PBXFrameworksBuildPhase;
			buildActionMask = 2147483647;
			files = (
				5D526FE225BE9AC400460CB9 /* MastodonSDK in Frameworks */,
				7A9135D4559750AF07CA9BE4 /* Pods_Mastodon.framework in Frameworks */,
				DB3D0FF325BAA61700EAA174 /* AlamofireImage in Frameworks */,
			);
			runOnlyForDeploymentPostprocessing = 0;
		};
		DB427DE525BAA00100D1B89D /* Frameworks */ = {
			isa = PBXFrameworksBuildPhase;
			buildActionMask = 2147483647;
			files = (
				5E44BF88AD33646E64727BCF /* Pods_MastodonTests.framework in Frameworks */,
			);
			runOnlyForDeploymentPostprocessing = 0;
		};
		DB427DF025BAA00100D1B89D /* Frameworks */ = {
			isa = PBXFrameworksBuildPhase;
			buildActionMask = 2147483647;
			files = (
				3533495136D843E85211E3E2 /* Pods_Mastodon_MastodonUITests.framework in Frameworks */,
			);
			runOnlyForDeploymentPostprocessing = 0;
		};
/* End PBXFrameworksBuildPhase section */

/* Begin PBXGroup section */
		1EBA4F56E920856A3FC84ACB /* Pods */ = {
			isa = PBXGroup;
			children = (
				2E1F6A67FDF9771D3E064FDC /* Pods-Mastodon.debug.xcconfig */,
				75E3471C898DDD9631729B6E /* Pods-Mastodon.release.xcconfig */,
				459EA4F43058CAB47719E963 /* Pods-Mastodon-MastodonUITests.debug.xcconfig */,
				BB482D32A7B9825BF5327C4F /* Pods-Mastodon-MastodonUITests.release.xcconfig */,
				EC6E707B68A67DB08EC288FA /* Pods-MastodonTests.debug.xcconfig */,
				9780A4C98FFC65B32B50D1C0 /* Pods-MastodonTests.release.xcconfig */,
			);
			path = Pods;
			sourceTree = "<group>";
		};
		4E8E8B18DB8471A676012CF9 /* Frameworks */ = {
			isa = PBXGroup;
			children = (
				602D783BEC22881EBAD84419 /* Pods_Mastodon.framework */,
				A1B4523A7981F1044DE89C21 /* Pods_Mastodon_MastodonUITests.framework */,
				CD92E0F10BDE4FE7C4B999F2 /* Pods_MastodonTests.framework */,
			);
			name = Frameworks;
			sourceTree = "<group>";
		};
		DB3D0FF725BAA68500EAA174 /* Supporting Files */ = {
			isa = PBXGroup;
			children = (
				DB427DD525BAA00100D1B89D /* AppDelegate.swift */,
				DB427DD725BAA00100D1B89D /* SceneDelegate.swift */,
				DB427DDB25BAA00100D1B89D /* Main.storyboard */,
				DB427DE025BAA00100D1B89D /* LaunchScreen.storyboard */,
			);
			path = "Supporting Files";
			sourceTree = "<group>";
		};
		DB3D0FF825BAA6B200EAA174 /* Resources */ = {
			isa = PBXGroup;
			children = (
				DB427DDE25BAA00100D1B89D /* Assets.xcassets */,
				DB3D100F25BAA75E00EAA174 /* Localizable.strings */,
			);
			path = Resources;
			sourceTree = "<group>";
		};
		DB3D101B25BAA79200EAA174 /* Generated */ = {
			isa = PBXGroup;
			children = (
				DB3D102225BAA7B400EAA174 /* Assets.swift */,
				DB3D102325BAA7B400EAA174 /* Strings.swift */,
			);
			path = Generated;
			sourceTree = "<group>";
		};
		DB427DC925BAA00100D1B89D = {
			isa = PBXGroup;
			children = (
				DB3D0FED25BAA42200EAA174 /* MastodonSDK */,
				DB427DD425BAA00100D1B89D /* Mastodon */,
				DB427DEB25BAA00100D1B89D /* MastodonTests */,
				DB427DF625BAA00100D1B89D /* MastodonUITests */,
				DB427DD325BAA00100D1B89D /* Products */,
				1EBA4F56E920856A3FC84ACB /* Pods */,
				4E8E8B18DB8471A676012CF9 /* Frameworks */,
			);
			sourceTree = "<group>";
		};
		DB427DD325BAA00100D1B89D /* Products */ = {
			isa = PBXGroup;
			children = (
				DB427DD225BAA00100D1B89D /* Mastodon.app */,
				DB427DE825BAA00100D1B89D /* MastodonTests.xctest */,
				DB427DF325BAA00100D1B89D /* MastodonUITests.xctest */,
			);
			name = Products;
			sourceTree = "<group>";
		};
		DB427DD425BAA00100D1B89D /* Mastodon */ = {
			isa = PBXGroup;
			children = (
				DB427DE325BAA00100D1B89D /* Info.plist */,
				DB3D0FFF25BAA6DA00EAA174 /* ViewController.swift */,
				DB3D101B25BAA79200EAA174 /* Generated */,
				DB3D0FF825BAA6B200EAA174 /* Resources */,
				DB3D0FF725BAA68500EAA174 /* Supporting Files */,
			);
			path = Mastodon;
			sourceTree = "<group>";
		};
		DB427DEB25BAA00100D1B89D /* MastodonTests */ = {
			isa = PBXGroup;
			children = (
				DB427DEC25BAA00100D1B89D /* MastodonTests.swift */,
				DB427DEE25BAA00100D1B89D /* Info.plist */,
			);
			path = MastodonTests;
			sourceTree = "<group>";
		};
		DB427DF625BAA00100D1B89D /* MastodonUITests */ = {
			isa = PBXGroup;
			children = (
				DB427DF725BAA00100D1B89D /* MastodonUITests.swift */,
				DB427DF925BAA00100D1B89D /* Info.plist */,
			);
			path = MastodonUITests;
			sourceTree = "<group>";
		};
/* End PBXGroup section */

/* Begin PBXNativeTarget section */
		DB427DD125BAA00100D1B89D /* Mastodon */ = {
			isa = PBXNativeTarget;
			buildConfigurationList = DB427DFC25BAA00100D1B89D /* Build configuration list for PBXNativeTarget "Mastodon" */;
			buildPhases = (
				7A04933A2AB1D5B758D4F908 /* [CP] Check Pods Manifest.lock */,
				DB427DCE25BAA00100D1B89D /* Sources */,
				DB427DCF25BAA00100D1B89D /* Frameworks */,
				DB427DD025BAA00100D1B89D /* Resources */,
				5532CB85BBE168B25B20720B /* [CP] Embed Pods Frameworks */,
				DB3D100425BAA71500EAA174 /* ShellScript */,
			);
			buildRules = (
			);
			dependencies = (
			);
			name = Mastodon;
			packageProductDependencies = (
				DB3D0FF225BAA61700EAA174 /* AlamofireImage */,
				5D526FE125BE9AC400460CB9 /* MastodonSDK */,
			);
			productName = Mastodon;
			productReference = DB427DD225BAA00100D1B89D /* Mastodon.app */;
			productType = "com.apple.product-type.application";
		};
		DB427DE725BAA00100D1B89D /* MastodonTests */ = {
			isa = PBXNativeTarget;
			buildConfigurationList = DB427DFF25BAA00100D1B89D /* Build configuration list for PBXNativeTarget "MastodonTests" */;
			buildPhases = (
				E139F888AA77A10B890BFED6 /* [CP] Check Pods Manifest.lock */,
				DB427DE425BAA00100D1B89D /* Sources */,
				DB427DE525BAA00100D1B89D /* Frameworks */,
				DB427DE625BAA00100D1B89D /* Resources */,
			);
			buildRules = (
			);
			dependencies = (
				DB427DEA25BAA00100D1B89D /* PBXTargetDependency */,
			);
			name = MastodonTests;
			productName = MastodonTests;
			productReference = DB427DE825BAA00100D1B89D /* MastodonTests.xctest */;
			productType = "com.apple.product-type.bundle.unit-test";
		};
		DB427DF225BAA00100D1B89D /* MastodonUITests */ = {
			isa = PBXNativeTarget;
			buildConfigurationList = DB427E0225BAA00100D1B89D /* Build configuration list for PBXNativeTarget "MastodonUITests" */;
			buildPhases = (
				6E033728B42BA1C0018B6131 /* [CP] Check Pods Manifest.lock */,
				DB427DEF25BAA00100D1B89D /* Sources */,
				DB427DF025BAA00100D1B89D /* Frameworks */,
				DB427DF125BAA00100D1B89D /* Resources */,
				ECC2E90D421B45415C311BED /* [CP] Embed Pods Frameworks */,
			);
			buildRules = (
			);
			dependencies = (
				DB427DF525BAA00100D1B89D /* PBXTargetDependency */,
			);
			name = MastodonUITests;
			productName = MastodonUITests;
			productReference = DB427DF325BAA00100D1B89D /* MastodonUITests.xctest */;
			productType = "com.apple.product-type.bundle.ui-testing";
		};
/* End PBXNativeTarget section */

/* Begin PBXProject section */
		DB427DCA25BAA00100D1B89D /* Project object */ = {
			isa = PBXProject;
			attributes = {
				LastSwiftUpdateCheck = 1240;
				LastUpgradeCheck = 1240;
				TargetAttributes = {
					DB427DD125BAA00100D1B89D = {
						CreatedOnToolsVersion = 12.4;
					};
					DB427DE725BAA00100D1B89D = {
						CreatedOnToolsVersion = 12.4;
						TestTargetID = DB427DD125BAA00100D1B89D;
					};
					DB427DF225BAA00100D1B89D = {
						CreatedOnToolsVersion = 12.4;
						TestTargetID = DB427DD125BAA00100D1B89D;
					};
				};
			};
			buildConfigurationList = DB427DCD25BAA00100D1B89D /* Build configuration list for PBXProject "Mastodon" */;
			compatibilityVersion = "Xcode 9.3";
			developmentRegion = en;
			hasScannedForEncodings = 0;
			knownRegions = (
				en,
				Base,
			);
			mainGroup = DB427DC925BAA00100D1B89D;
			packageReferences = (
				DB3D0FF125BAA61700EAA174 /* XCRemoteSwiftPackageReference "AlamofireImage" */,
			);
			productRefGroup = DB427DD325BAA00100D1B89D /* Products */;
			projectDirPath = "";
			projectRoot = "";
			targets = (
				DB427DD125BAA00100D1B89D /* Mastodon */,
				DB427DE725BAA00100D1B89D /* MastodonTests */,
				DB427DF225BAA00100D1B89D /* MastodonUITests */,
			);
		};
/* End PBXProject section */

/* Begin PBXResourcesBuildPhase section */
		DB427DD025BAA00100D1B89D /* Resources */ = {
			isa = PBXResourcesBuildPhase;
			buildActionMask = 2147483647;
			files = (
				DB427DE225BAA00100D1B89D /* LaunchScreen.storyboard in Resources */,
				DB3D100D25BAA75E00EAA174 /* Localizable.strings in Resources */,
				DB427DDF25BAA00100D1B89D /* Assets.xcassets in Resources */,
				DB427DDD25BAA00100D1B89D /* Main.storyboard in Resources */,
			);
			runOnlyForDeploymentPostprocessing = 0;
		};
		DB427DE625BAA00100D1B89D /* Resources */ = {
			isa = PBXResourcesBuildPhase;
			buildActionMask = 2147483647;
			files = (
			);
			runOnlyForDeploymentPostprocessing = 0;
		};
		DB427DF125BAA00100D1B89D /* Resources */ = {
			isa = PBXResourcesBuildPhase;
			buildActionMask = 2147483647;
			files = (
			);
			runOnlyForDeploymentPostprocessing = 0;
		};
/* End PBXResourcesBuildPhase section */

/* Begin PBXShellScriptBuildPhase section */
		5532CB85BBE168B25B20720B /* [CP] Embed Pods Frameworks */ = {
			isa = PBXShellScriptBuildPhase;
			buildActionMask = 2147483647;
			files = (
			);
			inputFileListPaths = (
				"${PODS_ROOT}/Target Support Files/Pods-Mastodon/Pods-Mastodon-frameworks-${CONFIGURATION}-input-files.xcfilelist",
			);
			name = "[CP] Embed Pods Frameworks";
			outputFileListPaths = (
				"${PODS_ROOT}/Target Support Files/Pods-Mastodon/Pods-Mastodon-frameworks-${CONFIGURATION}-output-files.xcfilelist",
			);
			runOnlyForDeploymentPostprocessing = 0;
			shellPath = /bin/sh;
			shellScript = "\"${PODS_ROOT}/Target Support Files/Pods-Mastodon/Pods-Mastodon-frameworks.sh\"\n";
			showEnvVarsInLog = 0;
		};
		6E033728B42BA1C0018B6131 /* [CP] Check Pods Manifest.lock */ = {
			isa = PBXShellScriptBuildPhase;
			buildActionMask = 2147483647;
			files = (
			);
			inputFileListPaths = (
			);
			inputPaths = (
				"${PODS_PODFILE_DIR_PATH}/Podfile.lock",
				"${PODS_ROOT}/Manifest.lock",
			);
			name = "[CP] Check Pods Manifest.lock";
			outputFileListPaths = (
			);
			outputPaths = (
				"$(DERIVED_FILE_DIR)/Pods-Mastodon-MastodonUITests-checkManifestLockResult.txt",
			);
			runOnlyForDeploymentPostprocessing = 0;
			shellPath = /bin/sh;
			shellScript = "diff \"${PODS_PODFILE_DIR_PATH}/Podfile.lock\" \"${PODS_ROOT}/Manifest.lock\" > /dev/null\nif [ $? != 0 ] ; then\n    # print error to STDERR\n    echo \"error: The sandbox is not in sync with the Podfile.lock. Run 'pod install' or update your CocoaPods installation.\" >&2\n    exit 1\nfi\n# This output is used by Xcode 'outputs' to avoid re-running this script phase.\necho \"SUCCESS\" > \"${SCRIPT_OUTPUT_FILE_0}\"\n";
			showEnvVarsInLog = 0;
		};
		7A04933A2AB1D5B758D4F908 /* [CP] Check Pods Manifest.lock */ = {
			isa = PBXShellScriptBuildPhase;
			buildActionMask = 2147483647;
			files = (
			);
			inputFileListPaths = (
			);
			inputPaths = (
				"${PODS_PODFILE_DIR_PATH}/Podfile.lock",
				"${PODS_ROOT}/Manifest.lock",
			);
			name = "[CP] Check Pods Manifest.lock";
			outputFileListPaths = (
			);
			outputPaths = (
				"$(DERIVED_FILE_DIR)/Pods-Mastodon-checkManifestLockResult.txt",
			);
			runOnlyForDeploymentPostprocessing = 0;
			shellPath = /bin/sh;
			shellScript = "diff \"${PODS_PODFILE_DIR_PATH}/Podfile.lock\" \"${PODS_ROOT}/Manifest.lock\" > /dev/null\nif [ $? != 0 ] ; then\n    # print error to STDERR\n    echo \"error: The sandbox is not in sync with the Podfile.lock. Run 'pod install' or update your CocoaPods installation.\" >&2\n    exit 1\nfi\n# This output is used by Xcode 'outputs' to avoid re-running this script phase.\necho \"SUCCESS\" > \"${SCRIPT_OUTPUT_FILE_0}\"\n";
			showEnvVarsInLog = 0;
		};
		DB3D100425BAA71500EAA174 /* ShellScript */ = {
			isa = PBXShellScriptBuildPhase;
			buildActionMask = 2147483647;
			files = (
			);
			inputFileListPaths = (
			);
			inputPaths = (
			);
			outputFileListPaths = (
			);
			outputPaths = (
			);
			runOnlyForDeploymentPostprocessing = 0;
			shellPath = /bin/sh;
			shellScript = "if [[ -f \"${PODS_ROOT}/SwiftGen/bin/swiftgen\" ]]; then\n  \"${PODS_ROOT}/SwiftGen/bin/swiftgen\" \nelse\n  echo \"warning: SwiftGen is not installed. Run 'pod install --repo-update' to install it.\"\nfi\n";
		};
		E139F888AA77A10B890BFED6 /* [CP] Check Pods Manifest.lock */ = {
			isa = PBXShellScriptBuildPhase;
			buildActionMask = 2147483647;
			files = (
			);
			inputFileListPaths = (
			);
			inputPaths = (
				"${PODS_PODFILE_DIR_PATH}/Podfile.lock",
				"${PODS_ROOT}/Manifest.lock",
			);
			name = "[CP] Check Pods Manifest.lock";
			outputFileListPaths = (
			);
			outputPaths = (
				"$(DERIVED_FILE_DIR)/Pods-MastodonTests-checkManifestLockResult.txt",
			);
			runOnlyForDeploymentPostprocessing = 0;
			shellPath = /bin/sh;
			shellScript = "diff \"${PODS_PODFILE_DIR_PATH}/Podfile.lock\" \"${PODS_ROOT}/Manifest.lock\" > /dev/null\nif [ $? != 0 ] ; then\n    # print error to STDERR\n    echo \"error: The sandbox is not in sync with the Podfile.lock. Run 'pod install' or update your CocoaPods installation.\" >&2\n    exit 1\nfi\n# This output is used by Xcode 'outputs' to avoid re-running this script phase.\necho \"SUCCESS\" > \"${SCRIPT_OUTPUT_FILE_0}\"\n";
			showEnvVarsInLog = 0;
		};
		ECC2E90D421B45415C311BED /* [CP] Embed Pods Frameworks */ = {
			isa = PBXShellScriptBuildPhase;
			buildActionMask = 2147483647;
			files = (
			);
			inputFileListPaths = (
				"${PODS_ROOT}/Target Support Files/Pods-Mastodon-MastodonUITests/Pods-Mastodon-MastodonUITests-frameworks-${CONFIGURATION}-input-files.xcfilelist",
			);
			name = "[CP] Embed Pods Frameworks";
			outputFileListPaths = (
				"${PODS_ROOT}/Target Support Files/Pods-Mastodon-MastodonUITests/Pods-Mastodon-MastodonUITests-frameworks-${CONFIGURATION}-output-files.xcfilelist",
			);
			runOnlyForDeploymentPostprocessing = 0;
			shellPath = /bin/sh;
			shellScript = "\"${PODS_ROOT}/Target Support Files/Pods-Mastodon-MastodonUITests/Pods-Mastodon-MastodonUITests-frameworks.sh\"\n";
			showEnvVarsInLog = 0;
		};
/* End PBXShellScriptBuildPhase section */

/* Begin PBXSourcesBuildPhase section */
		DB427DCE25BAA00100D1B89D /* Sources */ = {
			isa = PBXSourcesBuildPhase;
			buildActionMask = 2147483647;
			files = (
				DB3D100025BAA6DA00EAA174 /* ViewController.swift in Sources */,
				DB427DD625BAA00100D1B89D /* AppDelegate.swift in Sources */,
				DB3D102525BAA7B400EAA174 /* Strings.swift in Sources */,
				DB3D102425BAA7B400EAA174 /* Assets.swift in Sources */,
				DB427DD825BAA00100D1B89D /* SceneDelegate.swift in Sources */,
			);
			runOnlyForDeploymentPostprocessing = 0;
		};
		DB427DE425BAA00100D1B89D /* Sources */ = {
			isa = PBXSourcesBuildPhase;
			buildActionMask = 2147483647;
			files = (
				DB427DED25BAA00100D1B89D /* MastodonTests.swift in Sources */,
			);
			runOnlyForDeploymentPostprocessing = 0;
		};
		DB427DEF25BAA00100D1B89D /* Sources */ = {
			isa = PBXSourcesBuildPhase;
			buildActionMask = 2147483647;
			files = (
				DB427DF825BAA00100D1B89D /* MastodonUITests.swift in Sources */,
			);
			runOnlyForDeploymentPostprocessing = 0;
		};
/* End PBXSourcesBuildPhase section */

/* Begin PBXTargetDependency section */
		DB427DEA25BAA00100D1B89D /* PBXTargetDependency */ = {
			isa = PBXTargetDependency;
			target = DB427DD125BAA00100D1B89D /* Mastodon */;
			targetProxy = DB427DE925BAA00100D1B89D /* PBXContainerItemProxy */;
		};
		DB427DF525BAA00100D1B89D /* PBXTargetDependency */ = {
			isa = PBXTargetDependency;
			target = DB427DD125BAA00100D1B89D /* Mastodon */;
			targetProxy = DB427DF425BAA00100D1B89D /* PBXContainerItemProxy */;
		};
/* End PBXTargetDependency section */

/* Begin PBXVariantGroup section */
		DB3D100F25BAA75E00EAA174 /* Localizable.strings */ = {
			isa = PBXVariantGroup;
			children = (
				DB3D100E25BAA75E00EAA174 /* en */,
			);
			name = Localizable.strings;
			sourceTree = "<group>";
		};
		DB427DDB25BAA00100D1B89D /* Main.storyboard */ = {
			isa = PBXVariantGroup;
			children = (
				DB427DDC25BAA00100D1B89D /* Base */,
			);
			name = Main.storyboard;
			sourceTree = "<group>";
		};
		DB427DE025BAA00100D1B89D /* LaunchScreen.storyboard */ = {
			isa = PBXVariantGroup;
			children = (
				DB427DE125BAA00100D1B89D /* Base */,
			);
			name = LaunchScreen.storyboard;
			sourceTree = "<group>";
		};
/* End PBXVariantGroup section */

/* Begin XCBuildConfiguration section */
		DB427DFA25BAA00100D1B89D /* Debug */ = {
			isa = XCBuildConfiguration;
			buildSettings = {
				ALWAYS_SEARCH_USER_PATHS = NO;
				CLANG_ANALYZER_NONNULL = YES;
				CLANG_ANALYZER_NUMBER_OBJECT_CONVERSION = YES_AGGRESSIVE;
				CLANG_CXX_LANGUAGE_STANDARD = "gnu++14";
				CLANG_CXX_LIBRARY = "libc++";
				CLANG_ENABLE_MODULES = YES;
				CLANG_ENABLE_OBJC_ARC = YES;
				CLANG_ENABLE_OBJC_WEAK = YES;
				CLANG_WARN_BLOCK_CAPTURE_AUTORELEASING = YES;
				CLANG_WARN_BOOL_CONVERSION = YES;
				CLANG_WARN_COMMA = YES;
				CLANG_WARN_CONSTANT_CONVERSION = YES;
				CLANG_WARN_DEPRECATED_OBJC_IMPLEMENTATIONS = YES;
				CLANG_WARN_DIRECT_OBJC_ISA_USAGE = YES_ERROR;
				CLANG_WARN_DOCUMENTATION_COMMENTS = YES;
				CLANG_WARN_EMPTY_BODY = YES;
				CLANG_WARN_ENUM_CONVERSION = YES;
				CLANG_WARN_INFINITE_RECURSION = YES;
				CLANG_WARN_INT_CONVERSION = YES;
				CLANG_WARN_NON_LITERAL_NULL_CONVERSION = YES;
				CLANG_WARN_OBJC_IMPLICIT_RETAIN_SELF = YES;
				CLANG_WARN_OBJC_LITERAL_CONVERSION = YES;
				CLANG_WARN_OBJC_ROOT_CLASS = YES_ERROR;
				CLANG_WARN_QUOTED_INCLUDE_IN_FRAMEWORK_HEADER = YES;
				CLANG_WARN_RANGE_LOOP_ANALYSIS = YES;
				CLANG_WARN_STRICT_PROTOTYPES = YES;
				CLANG_WARN_SUSPICIOUS_MOVE = YES;
				CLANG_WARN_UNGUARDED_AVAILABILITY = YES_AGGRESSIVE;
				CLANG_WARN_UNREACHABLE_CODE = YES;
				CLANG_WARN__DUPLICATE_METHOD_MATCH = YES;
				COPY_PHASE_STRIP = NO;
				DEBUG_INFORMATION_FORMAT = dwarf;
				ENABLE_STRICT_OBJC_MSGSEND = YES;
				ENABLE_TESTABILITY = YES;
				GCC_C_LANGUAGE_STANDARD = gnu11;
				GCC_DYNAMIC_NO_PIC = NO;
				GCC_NO_COMMON_BLOCKS = YES;
				GCC_OPTIMIZATION_LEVEL = 0;
				GCC_PREPROCESSOR_DEFINITIONS = (
					"DEBUG=1",
					"$(inherited)",
				);
				GCC_WARN_64_TO_32_BIT_CONVERSION = YES;
				GCC_WARN_ABOUT_RETURN_TYPE = YES_ERROR;
				GCC_WARN_UNDECLARED_SELECTOR = YES;
				GCC_WARN_UNINITIALIZED_AUTOS = YES_AGGRESSIVE;
				GCC_WARN_UNUSED_FUNCTION = YES;
				GCC_WARN_UNUSED_VARIABLE = YES;
				IPHONEOS_DEPLOYMENT_TARGET = 13.0;
				MTL_ENABLE_DEBUG_INFO = INCLUDE_SOURCE;
				MTL_FAST_MATH = YES;
				ONLY_ACTIVE_ARCH = YES;
				SDKROOT = iphoneos;
				SWIFT_ACTIVE_COMPILATION_CONDITIONS = DEBUG;
				SWIFT_OPTIMIZATION_LEVEL = "-Onone";
			};
			name = Debug;
		};
		DB427DFB25BAA00100D1B89D /* Release */ = {
			isa = XCBuildConfiguration;
			buildSettings = {
				ALWAYS_SEARCH_USER_PATHS = NO;
				CLANG_ANALYZER_NONNULL = YES;
				CLANG_ANALYZER_NUMBER_OBJECT_CONVERSION = YES_AGGRESSIVE;
				CLANG_CXX_LANGUAGE_STANDARD = "gnu++14";
				CLANG_CXX_LIBRARY = "libc++";
				CLANG_ENABLE_MODULES = YES;
				CLANG_ENABLE_OBJC_ARC = YES;
				CLANG_ENABLE_OBJC_WEAK = YES;
				CLANG_WARN_BLOCK_CAPTURE_AUTORELEASING = YES;
				CLANG_WARN_BOOL_CONVERSION = YES;
				CLANG_WARN_COMMA = YES;
				CLANG_WARN_CONSTANT_CONVERSION = YES;
				CLANG_WARN_DEPRECATED_OBJC_IMPLEMENTATIONS = YES;
				CLANG_WARN_DIRECT_OBJC_ISA_USAGE = YES_ERROR;
				CLANG_WARN_DOCUMENTATION_COMMENTS = YES;
				CLANG_WARN_EMPTY_BODY = YES;
				CLANG_WARN_ENUM_CONVERSION = YES;
				CLANG_WARN_INFINITE_RECURSION = YES;
				CLANG_WARN_INT_CONVERSION = YES;
				CLANG_WARN_NON_LITERAL_NULL_CONVERSION = YES;
				CLANG_WARN_OBJC_IMPLICIT_RETAIN_SELF = YES;
				CLANG_WARN_OBJC_LITERAL_CONVERSION = YES;
				CLANG_WARN_OBJC_ROOT_CLASS = YES_ERROR;
				CLANG_WARN_QUOTED_INCLUDE_IN_FRAMEWORK_HEADER = YES;
				CLANG_WARN_RANGE_LOOP_ANALYSIS = YES;
				CLANG_WARN_STRICT_PROTOTYPES = YES;
				CLANG_WARN_SUSPICIOUS_MOVE = YES;
				CLANG_WARN_UNGUARDED_AVAILABILITY = YES_AGGRESSIVE;
				CLANG_WARN_UNREACHABLE_CODE = YES;
				CLANG_WARN__DUPLICATE_METHOD_MATCH = YES;
				COPY_PHASE_STRIP = NO;
				DEBUG_INFORMATION_FORMAT = "dwarf-with-dsym";
				ENABLE_NS_ASSERTIONS = NO;
				ENABLE_STRICT_OBJC_MSGSEND = YES;
				GCC_C_LANGUAGE_STANDARD = gnu11;
				GCC_NO_COMMON_BLOCKS = YES;
				GCC_WARN_64_TO_32_BIT_CONVERSION = YES;
				GCC_WARN_ABOUT_RETURN_TYPE = YES_ERROR;
				GCC_WARN_UNDECLARED_SELECTOR = YES;
				GCC_WARN_UNINITIALIZED_AUTOS = YES_AGGRESSIVE;
				GCC_WARN_UNUSED_FUNCTION = YES;
				GCC_WARN_UNUSED_VARIABLE = YES;
				IPHONEOS_DEPLOYMENT_TARGET = 13.0;
				MTL_ENABLE_DEBUG_INFO = NO;
				MTL_FAST_MATH = YES;
				SDKROOT = iphoneos;
				SWIFT_COMPILATION_MODE = wholemodule;
				SWIFT_OPTIMIZATION_LEVEL = "-O";
				VALIDATE_PRODUCT = YES;
			};
			name = Release;
		};
		DB427DFD25BAA00100D1B89D /* Debug */ = {
			isa = XCBuildConfiguration;
			baseConfigurationReference = 2E1F6A67FDF9771D3E064FDC /* Pods-Mastodon.debug.xcconfig */;
			buildSettings = {
				ASSETCATALOG_COMPILER_APPICON_NAME = AppIcon;
				ASSETCATALOG_COMPILER_GLOBAL_ACCENT_COLOR_NAME = AccentColor;
				CODE_SIGN_STYLE = Automatic;
				DEVELOPMENT_TEAM = 7LFDZ96332;
				INFOPLIST_FILE = Mastodon/Info.plist;
				LD_RUNPATH_SEARCH_PATHS = (
					"$(inherited)",
					"@executable_path/Frameworks",
				);
				MARKETING_VERSION = 1.0.0;
				PRODUCT_BUNDLE_IDENTIFIER = org.joinmastodon.Mastodon;
				PRODUCT_NAME = "$(TARGET_NAME)";
				SWIFT_VERSION = 5.0;
				TARGETED_DEVICE_FAMILY = "1,2";
			};
			name = Debug;
		};
		DB427DFE25BAA00100D1B89D /* Release */ = {
			isa = XCBuildConfiguration;
			baseConfigurationReference = 75E3471C898DDD9631729B6E /* Pods-Mastodon.release.xcconfig */;
			buildSettings = {
				ASSETCATALOG_COMPILER_APPICON_NAME = AppIcon;
				ASSETCATALOG_COMPILER_GLOBAL_ACCENT_COLOR_NAME = AccentColor;
				CODE_SIGN_STYLE = Automatic;
				DEVELOPMENT_TEAM = 7LFDZ96332;
				INFOPLIST_FILE = Mastodon/Info.plist;
				LD_RUNPATH_SEARCH_PATHS = (
					"$(inherited)",
					"@executable_path/Frameworks",
				);
				MARKETING_VERSION = 1.0.0;
				PRODUCT_BUNDLE_IDENTIFIER = org.joinmastodon.Mastodon;
				PRODUCT_NAME = "$(TARGET_NAME)";
				SWIFT_VERSION = 5.0;
				TARGETED_DEVICE_FAMILY = "1,2";
			};
			name = Release;
		};
		DB427E0025BAA00100D1B89D /* Debug */ = {
			isa = XCBuildConfiguration;
			baseConfigurationReference = EC6E707B68A67DB08EC288FA /* Pods-MastodonTests.debug.xcconfig */;
			buildSettings = {
				ALWAYS_EMBED_SWIFT_STANDARD_LIBRARIES = YES;
				BUNDLE_LOADER = "$(TEST_HOST)";
				CODE_SIGN_STYLE = Automatic;
				DEVELOPMENT_TEAM = 7LFDZ96332;
				INFOPLIST_FILE = MastodonTests/Info.plist;
				LD_RUNPATH_SEARCH_PATHS = (
					"$(inherited)",
					"@executable_path/Frameworks",
					"@loader_path/Frameworks",
				);
				PRODUCT_BUNDLE_IDENTIFIER = org.joinmastodon.MastodonTests;
				PRODUCT_NAME = "$(TARGET_NAME)";
				SWIFT_VERSION = 5.0;
				TARGETED_DEVICE_FAMILY = "1,2";
				TEST_HOST = "$(BUILT_PRODUCTS_DIR)/Mastodon.app/Mastodon";
			};
			name = Debug;
		};
		DB427E0125BAA00100D1B89D /* Release */ = {
			isa = XCBuildConfiguration;
			baseConfigurationReference = 9780A4C98FFC65B32B50D1C0 /* Pods-MastodonTests.release.xcconfig */;
			buildSettings = {
				ALWAYS_EMBED_SWIFT_STANDARD_LIBRARIES = YES;
				BUNDLE_LOADER = "$(TEST_HOST)";
				CODE_SIGN_STYLE = Automatic;
				DEVELOPMENT_TEAM = 7LFDZ96332;
				INFOPLIST_FILE = MastodonTests/Info.plist;
				LD_RUNPATH_SEARCH_PATHS = (
					"$(inherited)",
					"@executable_path/Frameworks",
					"@loader_path/Frameworks",
				);
				PRODUCT_BUNDLE_IDENTIFIER = org.joinmastodon.MastodonTests;
				PRODUCT_NAME = "$(TARGET_NAME)";
				SWIFT_VERSION = 5.0;
				TARGETED_DEVICE_FAMILY = "1,2";
				TEST_HOST = "$(BUILT_PRODUCTS_DIR)/Mastodon.app/Mastodon";
			};
			name = Release;
		};
		DB427E0325BAA00100D1B89D /* Debug */ = {
			isa = XCBuildConfiguration;
			baseConfigurationReference = 459EA4F43058CAB47719E963 /* Pods-Mastodon-MastodonUITests.debug.xcconfig */;
			buildSettings = {
				CODE_SIGN_STYLE = Automatic;
				DEVELOPMENT_TEAM = 7LFDZ96332;
				INFOPLIST_FILE = MastodonUITests/Info.plist;
				LD_RUNPATH_SEARCH_PATHS = (
					"$(inherited)",
					"@executable_path/Frameworks",
					"@loader_path/Frameworks",
				);
				PRODUCT_BUNDLE_IDENTIFIER = org.joinmastodon.MastodonUITests;
				PRODUCT_NAME = "$(TARGET_NAME)";
				SWIFT_VERSION = 5.0;
				TARGETED_DEVICE_FAMILY = "1,2";
				TEST_TARGET_NAME = Mastodon;
			};
			name = Debug;
		};
		DB427E0425BAA00100D1B89D /* Release */ = {
			isa = XCBuildConfiguration;
			baseConfigurationReference = BB482D32A7B9825BF5327C4F /* Pods-Mastodon-MastodonUITests.release.xcconfig */;
			buildSettings = {
				CODE_SIGN_STYLE = Automatic;
				DEVELOPMENT_TEAM = 7LFDZ96332;
				INFOPLIST_FILE = MastodonUITests/Info.plist;
				LD_RUNPATH_SEARCH_PATHS = (
					"$(inherited)",
					"@executable_path/Frameworks",
					"@loader_path/Frameworks",
				);
				PRODUCT_BUNDLE_IDENTIFIER = org.joinmastodon.MastodonUITests;
				PRODUCT_NAME = "$(TARGET_NAME)";
				SWIFT_VERSION = 5.0;
				TARGETED_DEVICE_FAMILY = "1,2";
				TEST_TARGET_NAME = Mastodon;
			};
			name = Release;
		};
/* End XCBuildConfiguration section */

/* Begin XCConfigurationList section */
		DB427DCD25BAA00100D1B89D /* Build configuration list for PBXProject "Mastodon" */ = {
			isa = XCConfigurationList;
			buildConfigurations = (
				DB427DFA25BAA00100D1B89D /* Debug */,
				DB427DFB25BAA00100D1B89D /* Release */,
			);
			defaultConfigurationIsVisible = 0;
			defaultConfigurationName = Release;
		};
		DB427DFC25BAA00100D1B89D /* Build configuration list for PBXNativeTarget "Mastodon" */ = {
			isa = XCConfigurationList;
			buildConfigurations = (
				DB427DFD25BAA00100D1B89D /* Debug */,
				DB427DFE25BAA00100D1B89D /* Release */,
			);
			defaultConfigurationIsVisible = 0;
			defaultConfigurationName = Release;
		};
		DB427DFF25BAA00100D1B89D /* Build configuration list for PBXNativeTarget "MastodonTests" */ = {
			isa = XCConfigurationList;
			buildConfigurations = (
				DB427E0025BAA00100D1B89D /* Debug */,
				DB427E0125BAA00100D1B89D /* Release */,
			);
			defaultConfigurationIsVisible = 0;
			defaultConfigurationName = Release;
		};
		DB427E0225BAA00100D1B89D /* Build configuration list for PBXNativeTarget "MastodonUITests" */ = {
			isa = XCConfigurationList;
			buildConfigurations = (
				DB427E0325BAA00100D1B89D /* Debug */,
				DB427E0425BAA00100D1B89D /* Release */,
			);
			defaultConfigurationIsVisible = 0;
			defaultConfigurationName = Release;
		};
/* End XCConfigurationList section */

/* Begin XCRemoteSwiftPackageReference section */
		DB3D0FF125BAA61700EAA174 /* XCRemoteSwiftPackageReference "AlamofireImage" */ = {
			isa = XCRemoteSwiftPackageReference;
			repositoryURL = "https://github.com/Alamofire/AlamofireImage.git";
			requirement = {
				kind = upToNextMajorVersion;
				minimumVersion = 4.1.0;
			};
		};
/* End XCRemoteSwiftPackageReference section */

/* Begin XCSwiftPackageProductDependency section */
		5D526FE125BE9AC400460CB9 /* MastodonSDK */ = {
			isa = XCSwiftPackageProductDependency;
			productName = MastodonSDK;
		};
		DB3D0FF225BAA61700EAA174 /* AlamofireImage */ = {
			isa = XCSwiftPackageProductDependency;
			package = DB3D0FF125BAA61700EAA174 /* XCRemoteSwiftPackageReference "AlamofireImage" */;
			productName = AlamofireImage;
		};
/* End XCSwiftPackageProductDependency section */
	};
	rootObject = DB427DCA25BAA00100D1B89D /* Project object */;
}
