// !$*UTF8*$!
{
	archiveVersion = 1;
	classes = {
	};
	objectVersion = 50;
	objects = {

/* Begin PBXBuildFile section */
		DB427DD625BAA00100D1B89D /* AppDelegate.swift in Sources */ = {isa = PBXBuildFile; fileRef = DB427DD525BAA00100D1B89D /* AppDelegate.swift */; };
		DB427DD825BAA00100D1B89D /* SceneDelegate.swift in Sources */ = {isa = PBXBuildFile; fileRef = DB427DD725BAA00100D1B89D /* SceneDelegate.swift */; };
		DB427DDA25BAA00100D1B89D /* ViewController.swift in Sources */ = {isa = PBXBuildFile; fileRef = DB427DD925BAA00100D1B89D /* ViewController.swift */; };
		DB427DDD25BAA00100D1B89D /* Main.storyboard in Resources */ = {isa = PBXBuildFile; fileRef = DB427DDB25BAA00100D1B89D /* Main.storyboard */; };
		DB427DDF25BAA00100D1B89D /* Assets.xcassets in Resources */ = {isa = PBXBuildFile; fileRef = DB427DDE25BAA00100D1B89D /* Assets.xcassets */; };
		DB427DE225BAA00100D1B89D /* LaunchScreen.storyboard in Resources */ = {isa = PBXBuildFile; fileRef = DB427DE025BAA00100D1B89D /* LaunchScreen.storyboard */; };
		DB427DED25BAA00100D1B89D /* MastodonTests.swift in Sources */ = {isa = PBXBuildFile; fileRef = DB427DEC25BAA00100D1B89D /* MastodonTests.swift */; };
		DB427DF825BAA00100D1B89D /* MastodonUITests.swift in Sources */ = {isa = PBXBuildFile; fileRef = DB427DF725BAA00100D1B89D /* MastodonUITests.swift */; };
/* End PBXBuildFile section */

/* Begin PBXContainerItemProxy section */
		DB427DE925BAA00100D1B89D /* PBXContainerItemProxy */ = {
			isa = PBXContainerItemProxy;
			containerPortal = DB427DCA25BAA00100D1B89D /* Project object */;
			proxyType = 1;
			remoteGlobalIDString = DB427DD125BAA00100D1B89D;
			remoteInfo = Mastodon;
		};
		DB427DF425BAA00100D1B89D /* PBXContainerItemProxy */ = {
			isa = PBXContainerItemProxy;
			containerPortal = DB427DCA25BAA00100D1B89D /* Project object */;
			proxyType = 1;
			remoteGlobalIDString = DB427DD125BAA00100D1B89D;
			remoteInfo = Mastodon;
		};
/* End PBXContainerItemProxy section */

/* Begin PBXFileReference section */
		DB427DD225BAA00100D1B89D /* Mastodon.app */ = {isa = PBXFileReference; explicitFileType = wrapper.application; includeInIndex = 0; path = Mastodon.app; sourceTree = BUILT_PRODUCTS_DIR; };
		DB427DD525BAA00100D1B89D /* AppDelegate.swift */ = {isa = PBXFileReference; lastKnownFileType = sourcecode.swift; path = AppDelegate.swift; sourceTree = "<group>"; };
		DB427DD725BAA00100D1B89D /* SceneDelegate.swift */ = {isa = PBXFileReference; lastKnownFileType = sourcecode.swift; path = SceneDelegate.swift; sourceTree = "<group>"; };
		DB427DD925BAA00100D1B89D /* ViewController.swift */ = {isa = PBXFileReference; lastKnownFileType = sourcecode.swift; path = ViewController.swift; sourceTree = "<group>"; };
		DB427DDC25BAA00100D1B89D /* Base */ = {isa = PBXFileReference; lastKnownFileType = file.storyboard; name = Base; path = Base.lproj/Main.storyboard; sourceTree = "<group>"; };
		DB427DDE25BAA00100D1B89D /* Assets.xcassets */ = {isa = PBXFileReference; lastKnownFileType = folder.assetcatalog; path = Assets.xcassets; sourceTree = "<group>"; };
		DB427DE125BAA00100D1B89D /* Base */ = {isa = PBXFileReference; lastKnownFileType = file.storyboard; name = Base; path = Base.lproj/LaunchScreen.storyboard; sourceTree = "<group>"; };
		DB427DE325BAA00100D1B89D /* Info.plist */ = {isa = PBXFileReference; lastKnownFileType = text.plist.xml; path = Info.plist; sourceTree = "<group>"; };
		DB427DE825BAA00100D1B89D /* MastodonTests.xctest */ = {isa = PBXFileReference; explicitFileType = wrapper.cfbundle; includeInIndex = 0; path = MastodonTests.xctest; sourceTree = BUILT_PRODUCTS_DIR; };
		DB427DEC25BAA00100D1B89D /* MastodonTests.swift */ = {isa = PBXFileReference; lastKnownFileType = sourcecode.swift; path = MastodonTests.swift; sourceTree = "<group>"; };
		DB427DEE25BAA00100D1B89D /* Info.plist */ = {isa = PBXFileReference; lastKnownFileType = text.plist.xml; path = Info.plist; sourceTree = "<group>"; };
		DB427DF325BAA00100D1B89D /* MastodonUITests.xctest */ = {isa = PBXFileReference; explicitFileType = wrapper.cfbundle; includeInIndex = 0; path = MastodonUITests.xctest; sourceTree = BUILT_PRODUCTS_DIR; };
		DB427DF725BAA00100D1B89D /* MastodonUITests.swift */ = {isa = PBXFileReference; lastKnownFileType = sourcecode.swift; path = MastodonUITests.swift; sourceTree = "<group>"; };
		DB427DF925BAA00100D1B89D /* Info.plist */ = {isa = PBXFileReference; lastKnownFileType = text.plist.xml; path = Info.plist; sourceTree = "<group>"; };
/* End PBXFileReference section */

/* Begin PBXFrameworksBuildPhase section */
		DB427DCF25BAA00100D1B89D /* Frameworks */ = {
			isa = PBXFrameworksBuildPhase;
			buildActionMask = 2147483647;
			files = (
			);
			runOnlyForDeploymentPostprocessing = 0;
		};
		DB427DE525BAA00100D1B89D /* Frameworks */ = {
			isa = PBXFrameworksBuildPhase;
			buildActionMask = 2147483647;
			files = (
			);
			runOnlyForDeploymentPostprocessing = 0;
		};
		DB427DF025BAA00100D1B89D /* Frameworks */ = {
			isa = PBXFrameworksBuildPhase;
			buildActionMask = 2147483647;
			files = (
			);
			runOnlyForDeploymentPostprocessing = 0;
		};
/* End PBXFrameworksBuildPhase section */

/* Begin PBXGroup section */
		DB427DC925BAA00100D1B89D = {
			isa = PBXGroup;
			children = (
				DB427DD425BAA00100D1B89D /* Mastodon */,
				DB427DEB25BAA00100D1B89D /* MastodonTests */,
				DB427DF625BAA00100D1B89D /* MastodonUITests */,
				DB427DD325BAA00100D1B89D /* Products */,
			);
			sourceTree = "<group>";
		};
		DB427DD325BAA00100D1B89D /* Products */ = {
			isa = PBXGroup;
			children = (
				DB427DD225BAA00100D1B89D /* Mastodon.app */,
				DB427DE825BAA00100D1B89D /* MastodonTests.xctest */,
				DB427DF325BAA00100D1B89D /* MastodonUITests.xctest */,
			);
			name = Products;
			sourceTree = "<group>";
		};
		DB427DD425BAA00100D1B89D /* Mastodon */ = {
			isa = PBXGroup;
			children = (
				DB427DD525BAA00100D1B89D /* AppDelegate.swift */,
				DB427DD725BAA00100D1B89D /* SceneDelegate.swift */,
				DB427DD925BAA00100D1B89D /* ViewController.swift */,
				DB427DDB25BAA00100D1B89D /* Main.storyboard */,
				DB427DDE25BAA00100D1B89D /* Assets.xcassets */,
				DB427DE025BAA00100D1B89D /* LaunchScreen.storyboard */,
				DB427DE325BAA00100D1B89D /* Info.plist */,
			);
			path = Mastodon;
			sourceTree = "<group>";
		};
		DB427DEB25BAA00100D1B89D /* MastodonTests */ = {
			isa = PBXGroup;
			children = (
				DB427DEC25BAA00100D1B89D /* MastodonTests.swift */,
				DB427DEE25BAA00100D1B89D /* Info.plist */,
			);
			path = MastodonTests;
			sourceTree = "<group>";
		};
		DB427DF625BAA00100D1B89D /* MastodonUITests */ = {
			isa = PBXGroup;
			children = (
				DB427DF725BAA00100D1B89D /* MastodonUITests.swift */,
				DB427DF925BAA00100D1B89D /* Info.plist */,
			);
			path = MastodonUITests;
			sourceTree = "<group>";
		};
/* End PBXGroup section */

/* Begin PBXNativeTarget section */
		DB427DD125BAA00100D1B89D /* Mastodon */ = {
			isa = PBXNativeTarget;
			buildConfigurationList = DB427DFC25BAA00100D1B89D /* Build configuration list for PBXNativeTarget "Mastodon" */;
			buildPhases = (
				DB427DCE25BAA00100D1B89D /* Sources */,
				DB427DCF25BAA00100D1B89D /* Frameworks */,
				DB427DD025BAA00100D1B89D /* Resources */,
			);
			buildRules = (
			);
			dependencies = (
			);
			name = Mastodon;
			productName = Mastodon;
			productReference = DB427DD225BAA00100D1B89D /* Mastodon.app */;
			productType = "com.apple.product-type.application";
		};
		DB427DE725BAA00100D1B89D /* MastodonTests */ = {
			isa = PBXNativeTarget;
			buildConfigurationList = DB427DFF25BAA00100D1B89D /* Build configuration list for PBXNativeTarget "MastodonTests" */;
			buildPhases = (
				DB427DE425BAA00100D1B89D /* Sources */,
				DB427DE525BAA00100D1B89D /* Frameworks */,
				DB427DE625BAA00100D1B89D /* Resources */,
			);
			buildRules = (
			);
			dependencies = (
				DB427DEA25BAA00100D1B89D /* PBXTargetDependency */,
			);
			name = MastodonTests;
			productName = MastodonTests;
			productReference = DB427DE825BAA00100D1B89D /* MastodonTests.xctest */;
			productType = "com.apple.product-type.bundle.unit-test";
		};
		DB427DF225BAA00100D1B89D /* MastodonUITests */ = {
			isa = PBXNativeTarget;
			buildConfigurationList = DB427E0225BAA00100D1B89D /* Build configuration list for PBXNativeTarget "MastodonUITests" */;
			buildPhases = (
				DB427DEF25BAA00100D1B89D /* Sources */,
				DB427DF025BAA00100D1B89D /* Frameworks */,
				DB427DF125BAA00100D1B89D /* Resources */,
			);
			buildRules = (
			);
			dependencies = (
				DB427DF525BAA00100D1B89D /* PBXTargetDependency */,
			);
			name = MastodonUITests;
			productName = MastodonUITests;
			productReference = DB427DF325BAA00100D1B89D /* MastodonUITests.xctest */;
			productType = "com.apple.product-type.bundle.ui-testing";
		};
/* End PBXNativeTarget section */

/* Begin PBXProject section */
		DB427DCA25BAA00100D1B89D /* Project object */ = {
			isa = PBXProject;
			attributes = {
				LastSwiftUpdateCheck = 1240;
				LastUpgradeCheck = 1240;
				TargetAttributes = {
					DB427DD125BAA00100D1B89D = {
						CreatedOnToolsVersion = 12.4;
					};
					DB427DE725BAA00100D1B89D = {
						CreatedOnToolsVersion = 12.4;
						TestTargetID = DB427DD125BAA00100D1B89D;
					};
					DB427DF225BAA00100D1B89D = {
						CreatedOnToolsVersion = 12.4;
						TestTargetID = DB427DD125BAA00100D1B89D;
					};
				};
			};
			buildConfigurationList = DB427DCD25BAA00100D1B89D /* Build configuration list for PBXProject "Mastodon" */;
			compatibilityVersion = "Xcode 9.3";
			developmentRegion = en;
			hasScannedForEncodings = 0;
			knownRegions = (
				en,
				Base,
			);
			mainGroup = DB427DC925BAA00100D1B89D;
			productRefGroup = DB427DD325BAA00100D1B89D /* Products */;
			projectDirPath = "";
			projectRoot = "";
			targets = (
				DB427DD125BAA00100D1B89D /* Mastodon */,
				DB427DE725BAA00100D1B89D /* MastodonTests */,
				DB427DF225BAA00100D1B89D /* MastodonUITests */,
			);
		};
/* End PBXProject section */

/* Begin PBXResourcesBuildPhase section */
		DB427DD025BAA00100D1B89D /* Resources */ = {
			isa = PBXResourcesBuildPhase;
			buildActionMask = 2147483647;
			files = (
				DB427DE225BAA00100D1B89D /* LaunchScreen.storyboard in Resources */,
				DB427DDF25BAA00100D1B89D /* Assets.xcassets in Resources */,
				DB427DDD25BAA00100D1B89D /* Main.storyboard in Resources */,
			);
			runOnlyForDeploymentPostprocessing = 0;
		};
		DB427DE625BAA00100D1B89D /* Resources */ = {
			isa = PBXResourcesBuildPhase;
			buildActionMask = 2147483647;
			files = (
			);
			runOnlyForDeploymentPostprocessing = 0;
		};
		DB427DF125BAA00100D1B89D /* Resources */ = {
			isa = PBXResourcesBuildPhase;
			buildActionMask = 2147483647;
			files = (
			);
			runOnlyForDeploymentPostprocessing = 0;
		};
/* End PBXResourcesBuildPhase section */

/* Begin PBXSourcesBuildPhase section */
		DB427DCE25BAA00100D1B89D /* Sources */ = {
			isa = PBXSourcesBuildPhase;
			buildActionMask = 2147483647;
			files = (
				DB427DDA25BAA00100D1B89D /* ViewController.swift in Sources */,
				DB427DD625BAA00100D1B89D /* AppDelegate.swift in Sources */,
				DB427DD825BAA00100D1B89D /* SceneDelegate.swift in Sources */,
			);
			runOnlyForDeploymentPostprocessing = 0;
		};
		DB427DE425BAA00100D1B89D /* Sources */ = {
			isa = PBXSourcesBuildPhase;
			buildActionMask = 2147483647;
			files = (
				DB427DED25BAA00100D1B89D /* MastodonTests.swift in Sources */,
			);
			runOnlyForDeploymentPostprocessing = 0;
		};
		DB427DEF25BAA00100D1B89D /* Sources */ = {
			isa = PBXSourcesBuildPhase;
			buildActionMask = 2147483647;
			files = (
				DB427DF825BAA00100D1B89D /* MastodonUITests.swift in Sources */,
			);
			runOnlyForDeploymentPostprocessing = 0;
		};
/* End PBXSourcesBuildPhase section */

/* Begin PBXTargetDependency section */
		DB427DEA25BAA00100D1B89D /* PBXTargetDependency */ = {
			isa = PBXTargetDependency;
			target = DB427DD125BAA00100D1B89D /* Mastodon */;
			targetProxy = DB427DE925BAA00100D1B89D /* PBXContainerItemProxy */;
		};
		DB427DF525BAA00100D1B89D /* PBXTargetDependency */ = {
			isa = PBXTargetDependency;
			target = DB427DD125BAA00100D1B89D /* Mastodon */;
			targetProxy = DB427DF425BAA00100D1B89D /* PBXContainerItemProxy */;
		};
/* End PBXTargetDependency section */

/* Begin PBXVariantGroup section */
		DB427DDB25BAA00100D1B89D /* Main.storyboard */ = {
			isa = PBXVariantGroup;
			children = (
				DB427DDC25BAA00100D1B89D /* Base */,
			);
			name = Main.storyboard;
			sourceTree = "<group>";
		};
		DB427DE025BAA00100D1B89D /* LaunchScreen.storyboard */ = {
			isa = PBXVariantGroup;
			children = (
				DB427DE125BAA00100D1B89D /* Base */,
			);
			name = LaunchScreen.storyboard;
			sourceTree = "<group>";
		};
/* End PBXVariantGroup section */

/* Begin XCBuildConfiguration section */
		DB427DFA25BAA00100D1B89D /* Debug */ = {
			isa = XCBuildConfiguration;
			buildSettings = {
				ALWAYS_SEARCH_USER_PATHS = NO;
				CLANG_ANALYZER_NONNULL = YES;
				CLANG_ANALYZER_NUMBER_OBJECT_CONVERSION = YES_AGGRESSIVE;
				CLANG_CXX_LANGUAGE_STANDARD = "gnu++14";
				CLANG_CXX_LIBRARY = "libc++";
				CLANG_ENABLE_MODULES = YES;
				CLANG_ENABLE_OBJC_ARC = YES;
				CLANG_ENABLE_OBJC_WEAK = YES;
				CLANG_WARN_BLOCK_CAPTURE_AUTORELEASING = YES;
				CLANG_WARN_BOOL_CONVERSION = YES;
				CLANG_WARN_COMMA = YES;
				CLANG_WARN_CONSTANT_CONVERSION = YES;
				CLANG_WARN_DEPRECATED_OBJC_IMPLEMENTATIONS = YES;
				CLANG_WARN_DIRECT_OBJC_ISA_USAGE = YES_ERROR;
				CLANG_WARN_DOCUMENTATION_COMMENTS = YES;
				CLANG_WARN_EMPTY_BODY = YES;
				CLANG_WARN_ENUM_CONVERSION = YES;
				CLANG_WARN_INFINITE_RECURSION = YES;
				CLANG_WARN_INT_CONVERSION = YES;
				CLANG_WARN_NON_LITERAL_NULL_CONVERSION = YES;
				CLANG_WARN_OBJC_IMPLICIT_RETAIN_SELF = YES;
				CLANG_WARN_OBJC_LITERAL_CONVERSION = YES;
				CLANG_WARN_OBJC_ROOT_CLASS = YES_ERROR;
				CLANG_WARN_QUOTED_INCLUDE_IN_FRAMEWORK_HEADER = YES;
				CLANG_WARN_RANGE_LOOP_ANALYSIS = YES;
				CLANG_WARN_STRICT_PROTOTYPES = YES;
				CLANG_WARN_SUSPICIOUS_MOVE = YES;
				CLANG_WARN_UNGUARDED_AVAILABILITY = YES_AGGRESSIVE;
				CLANG_WARN_UNREACHABLE_CODE = YES;
				CLANG_WARN__DUPLICATE_METHOD_MATCH = YES;
				COPY_PHASE_STRIP = NO;
				DEBUG_INFORMATION_FORMAT = dwarf;
				ENABLE_STRICT_OBJC_MSGSEND = YES;
				ENABLE_TESTABILITY = YES;
				GCC_C_LANGUAGE_STANDARD = gnu11;
				GCC_DYNAMIC_NO_PIC = NO;
				GCC_NO_COMMON_BLOCKS = YES;
				GCC_OPTIMIZATION_LEVEL = 0;
				GCC_PREPROCESSOR_DEFINITIONS = (
					"DEBUG=1",
					"$(inherited)",
				);
				GCC_WARN_64_TO_32_BIT_CONVERSION = YES;
				GCC_WARN_ABOUT_RETURN_TYPE = YES_ERROR;
				GCC_WARN_UNDECLARED_SELECTOR = YES;
				GCC_WARN_UNINITIALIZED_AUTOS = YES_AGGRESSIVE;
				GCC_WARN_UNUSED_FUNCTION = YES;
				GCC_WARN_UNUSED_VARIABLE = YES;
				IPHONEOS_DEPLOYMENT_TARGET = 14.4;
				MTL_ENABLE_DEBUG_INFO = INCLUDE_SOURCE;
				MTL_FAST_MATH = YES;
				ONLY_ACTIVE_ARCH = YES;
				SDKROOT = iphoneos;
				SWIFT_ACTIVE_COMPILATION_CONDITIONS = DEBUG;
				SWIFT_OPTIMIZATION_LEVEL = "-Onone";
			};
			name = Debug;
		};
		DB427DFB25BAA00100D1B89D /* Release */ = {
			isa = XCBuildConfiguration;
			buildSettings = {
				ALWAYS_SEARCH_USER_PATHS = NO;
				CLANG_ANALYZER_NONNULL = YES;
				CLANG_ANALYZER_NUMBER_OBJECT_CONVERSION = YES_AGGRESSIVE;
				CLANG_CXX_LANGUAGE_STANDARD = "gnu++14";
				CLANG_CXX_LIBRARY = "libc++";
				CLANG_ENABLE_MODULES = YES;
				CLANG_ENABLE_OBJC_ARC = YES;
				CLANG_ENABLE_OBJC_WEAK = YES;
				CLANG_WARN_BLOCK_CAPTURE_AUTORELEASING = YES;
				CLANG_WARN_BOOL_CONVERSION = YES;
				CLANG_WARN_COMMA = YES;
				CLANG_WARN_CONSTANT_CONVERSION = YES;
				CLANG_WARN_DEPRECATED_OBJC_IMPLEMENTATIONS = YES;
				CLANG_WARN_DIRECT_OBJC_ISA_USAGE = YES_ERROR;
				CLANG_WARN_DOCUMENTATION_COMMENTS = YES;
				CLANG_WARN_EMPTY_BODY = YES;
				CLANG_WARN_ENUM_CONVERSION = YES;
				CLANG_WARN_INFINITE_RECURSION = YES;
				CLANG_WARN_INT_CONVERSION = YES;
				CLANG_WARN_NON_LITERAL_NULL_CONVERSION = YES;
				CLANG_WARN_OBJC_IMPLICIT_RETAIN_SELF = YES;
				CLANG_WARN_OBJC_LITERAL_CONVERSION = YES;
				CLANG_WARN_OBJC_ROOT_CLASS = YES_ERROR;
				CLANG_WARN_QUOTED_INCLUDE_IN_FRAMEWORK_HEADER = YES;
				CLANG_WARN_RANGE_LOOP_ANALYSIS = YES;
				CLANG_WARN_STRICT_PROTOTYPES = YES;
				CLANG_WARN_SUSPICIOUS_MOVE = YES;
				CLANG_WARN_UNGUARDED_AVAILABILITY = YES_AGGRESSIVE;
				CLANG_WARN_UNREACHABLE_CODE = YES;
				CLANG_WARN__DUPLICATE_METHOD_MATCH = YES;
				COPY_PHASE_STRIP = NO;
				DEBUG_INFORMATION_FORMAT = "dwarf-with-dsym";
				ENABLE_NS_ASSERTIONS = NO;
				ENABLE_STRICT_OBJC_MSGSEND = YES;
				GCC_C_LANGUAGE_STANDARD = gnu11;
				GCC_NO_COMMON_BLOCKS = YES;
				GCC_WARN_64_TO_32_BIT_CONVERSION = YES;
				GCC_WARN_ABOUT_RETURN_TYPE = YES_ERROR;
				GCC_WARN_UNDECLARED_SELECTOR = YES;
				GCC_WARN_UNINITIALIZED_AUTOS = YES_AGGRESSIVE;
				GCC_WARN_UNUSED_FUNCTION = YES;
				GCC_WARN_UNUSED_VARIABLE = YES;
				IPHONEOS_DEPLOYMENT_TARGET = 14.4;
				MTL_ENABLE_DEBUG_INFO = NO;
				MTL_FAST_MATH = YES;
				SDKROOT = iphoneos;
				SWIFT_COMPILATION_MODE = wholemodule;
				SWIFT_OPTIMIZATION_LEVEL = "-O";
				VALIDATE_PRODUCT = YES;
			};
			name = Release;
		};
		DB427DFD25BAA00100D1B89D /* Debug */ = {
			isa = XCBuildConfiguration;
			buildSettings = {
				ASSETCATALOG_COMPILER_APPICON_NAME = AppIcon;
				ASSETCATALOG_COMPILER_GLOBAL_ACCENT_COLOR_NAME = AccentColor;
				CODE_SIGN_STYLE = Automatic;
				DEVELOPMENT_TEAM = 7LFDZ96332;
				INFOPLIST_FILE = Mastodon/Info.plist;
				LD_RUNPATH_SEARCH_PATHS = (
					"$(inherited)",
					"@executable_path/Frameworks",
				);
				PRODUCT_BUNDLE_IDENTIFIER = org.joinmastodon.Mastodon;
				PRODUCT_NAME = "$(TARGET_NAME)";
				SWIFT_VERSION = 5.0;
				TARGETED_DEVICE_FAMILY = "1,2";
			};
			name = Debug;
		};
		DB427DFE25BAA00100D1B89D /* Release */ = {
			isa = XCBuildConfiguration;
			buildSettings = {
				ASSETCATALOG_COMPILER_APPICON_NAME = AppIcon;
				ASSETCATALOG_COMPILER_GLOBAL_ACCENT_COLOR_NAME = AccentColor;
				CODE_SIGN_STYLE = Automatic;
				DEVELOPMENT_TEAM = 7LFDZ96332;
				INFOPLIST_FILE = Mastodon/Info.plist;
				LD_RUNPATH_SEARCH_PATHS = (
					"$(inherited)",
					"@executable_path/Frameworks",
				);
				PRODUCT_BUNDLE_IDENTIFIER = org.joinmastodon.Mastodon;
				PRODUCT_NAME = "$(TARGET_NAME)";
				SWIFT_VERSION = 5.0;
				TARGETED_DEVICE_FAMILY = "1,2";
			};
			name = Release;
		};
		DB427E0025BAA00100D1B89D /* Debug */ = {
			isa = XCBuildConfiguration;
			buildSettings = {
				ALWAYS_EMBED_SWIFT_STANDARD_LIBRARIES = YES;
				BUNDLE_LOADER = "$(TEST_HOST)";
				CODE_SIGN_STYLE = Automatic;
				DEVELOPMENT_TEAM = 7LFDZ96332;
				INFOPLIST_FILE = MastodonTests/Info.plist;
				IPHONEOS_DEPLOYMENT_TARGET = 14.4;
				LD_RUNPATH_SEARCH_PATHS = (
					"$(inherited)",
					"@executable_path/Frameworks",
					"@loader_path/Frameworks",
				);
				PRODUCT_BUNDLE_IDENTIFIER = org.joinmastodon.MastodonTests;
				PRODUCT_NAME = "$(TARGET_NAME)";
				SWIFT_VERSION = 5.0;
				TARGETED_DEVICE_FAMILY = "1,2";
				TEST_HOST = "$(BUILT_PRODUCTS_DIR)/Mastodon.app/Mastodon";
			};
			name = Debug;
		};
		DB427E0125BAA00100D1B89D /* Release */ = {
			isa = XCBuildConfiguration;
			buildSettings = {
				ALWAYS_EMBED_SWIFT_STANDARD_LIBRARIES = YES;
				BUNDLE_LOADER = "$(TEST_HOST)";
				CODE_SIGN_STYLE = Automatic;
				DEVELOPMENT_TEAM = 7LFDZ96332;
				INFOPLIST_FILE = MastodonTests/Info.plist;
				IPHONEOS_DEPLOYMENT_TARGET = 14.4;
				LD_RUNPATH_SEARCH_PATHS = (
					"$(inherited)",
					"@executable_path/Frameworks",
					"@loader_path/Frameworks",
				);
				PRODUCT_BUNDLE_IDENTIFIER = org.joinmastodon.MastodonTests;
				PRODUCT_NAME = "$(TARGET_NAME)";
				SWIFT_VERSION = 5.0;
				TARGETED_DEVICE_FAMILY = "1,2";
				TEST_HOST = "$(BUILT_PRODUCTS_DIR)/Mastodon.app/Mastodon";
			};
			name = Release;
		};
		DB427E0325BAA00100D1B89D /* Debug */ = {
			isa = XCBuildConfiguration;
			buildSettings = {
				ALWAYS_EMBED_SWIFT_STANDARD_LIBRARIES = YES;
				CODE_SIGN_STYLE = Automatic;
				DEVELOPMENT_TEAM = 7LFDZ96332;
				INFOPLIST_FILE = MastodonUITests/Info.plist;
				LD_RUNPATH_SEARCH_PATHS = (
					"$(inherited)",
					"@executable_path/Frameworks",
					"@loader_path/Frameworks",
				);
				PRODUCT_BUNDLE_IDENTIFIER = org.joinmastodon.MastodonUITests;
				PRODUCT_NAME = "$(TARGET_NAME)";
				SWIFT_VERSION = 5.0;
				TARGETED_DEVICE_FAMILY = "1,2";
				TEST_TARGET_NAME = Mastodon;
			};
			name = Debug;
		};
		DB427E0425BAA00100D1B89D /* Release */ = {
			isa = XCBuildConfiguration;
			buildSettings = {
				ALWAYS_EMBED_SWIFT_STANDARD_LIBRARIES = YES;
				CODE_SIGN_STYLE = Automatic;
				DEVELOPMENT_TEAM = 7LFDZ96332;
				INFOPLIST_FILE = MastodonUITests/Info.plist;
				LD_RUNPATH_SEARCH_PATHS = (
					"$(inherited)",
					"@executable_path/Frameworks",
					"@loader_path/Frameworks",
				);
				PRODUCT_BUNDLE_IDENTIFIER = org.joinmastodon.MastodonUITests;
				PRODUCT_NAME = "$(TARGET_NAME)";
				SWIFT_VERSION = 5.0;
				TARGETED_DEVICE_FAMILY = "1,2";
				TEST_TARGET_NAME = Mastodon;
			};
			name = Release;
		};
/* End XCBuildConfiguration section */

/* Begin XCConfigurationList section */
		DB427DCD25BAA00100D1B89D /* Build configuration list for PBXProject "Mastodon" */ = {
			isa = XCConfigurationList;
			buildConfigurations = (
				DB427DFA25BAA00100D1B89D /* Debug */,
				DB427DFB25BAA00100D1B89D /* Release */,
			);
			defaultConfigurationIsVisible = 0;
			defaultConfigurationName = Release;
		};
		DB427DFC25BAA00100D1B89D /* Build configuration list for PBXNativeTarget "Mastodon" */ = {
			isa = XCConfigurationList;
			buildConfigurations = (
				DB427DFD25BAA00100D1B89D /* Debug */,
				DB427DFE25BAA00100D1B89D /* Release */,
			);
			defaultConfigurationIsVisible = 0;
			defaultConfigurationName = Release;
		};
		DB427DFF25BAA00100D1B89D /* Build configuration list for PBXNativeTarget "MastodonTests" */ = {
			isa = XCConfigurationList;
			buildConfigurations = (
				DB427E0025BAA00100D1B89D /* Debug */,
				DB427E0125BAA00100D1B89D /* Release */,
			);
			defaultConfigurationIsVisible = 0;
			defaultConfigurationName = Release;
		};
		DB427E0225BAA00100D1B89D /* Build configuration list for PBXNativeTarget "MastodonUITests" */ = {
			isa = XCConfigurationList;
			buildConfigurations = (
				DB427E0325BAA00100D1B89D /* Debug */,
				DB427E0425BAA00100D1B89D /* Release */,
			);
			defaultConfigurationIsVisible = 0;
			defaultConfigurationName = Release;
		};
/* End XCConfigurationList section */
	};
	rootObject = DB427DCA25BAA00100D1B89D /* Project object */;
}
