{
  "object": {
    "pins": [
      {
        "package": "ActiveLabel",
        "repositoryURL": "https://github.com/TwidereProject/ActiveLabel.swift",
        "state": {
          "branch": null,
          "revision": "d6cf96e0ca4f2269021bcf8f11381ab57897f84a",
          "version": "4.0.0"
        }
      },
      {
        "package": "Alamofire",
        "repositoryURL": "https://github.com/Alamofire/Alamofire.git",
        "state": {
          "branch": null,
          "revision": "4d19ad82f80cc71ff829b941ded114c56f4f604c",
          "version": "5.4.2"
        }
      },
      {
        "package": "AlamofireImage",
        "repositoryURL": "https://github.com/Alamofire/AlamofireImage.git",
        "state": {
          "branch": null,
          "revision": "98cbb00ce0ec5fc8e52a5b50a6bfc08d3e5aee10",
          "version": "4.2.0"
        }
      },
      {
        "package": "AlamofireNetworkActivityIndicator",
        "repositoryURL": "https://github.com/Alamofire/AlamofireNetworkActivityIndicator",
        "state": {
          "branch": null,
          "revision": "392bed083e8d193aca16bfa684ee24e4bcff0510",
          "version": "3.1.0"
        }
      },
      {
        "package": "CommonOSLog",
        "repositoryURL": "https://github.com/MainasuK/CommonOSLog",
        "state": {
          "branch": null,
          "revision": "c121624a30698e9886efe38aebb36ff51c01b6c2",
          "version": "0.1.1"
        }
      },
      {
        "package": "Kingfisher",
        "repositoryURL": "https://github.com/onevcat/Kingfisher.git",
        "state": {
          "branch": null,
          "revision": "15d199e84677303a7004ed2c5ecaa1a90f3863f8",
          "version": "6.2.1"
        }
      },
      {
        "package": "Pageboy",
        "repositoryURL": "https://github.com/uias/Pageboy",
        "state": {
          "branch": null,
          "revision": "34ecb6e7c4e0e07494960ab2f7cc9a02293915a6",
          "version": "3.6.2"
        }
      },
      {
        "package": "swift-nio",
        "repositoryURL": "https://github.com/apple/swift-nio.git",
        "state": {
          "branch": null,
          "revision": "8da5c5a4e6c5084c296b9f39dc54f00be146e0fa",
          "version": "1.14.2"
        }
      },
      {
        "package": "swift-nio-zlib-support",
        "repositoryURL": "https://github.com/apple/swift-nio-zlib-support.git",
        "state": {
          "branch": null,
          "revision": "37760e9a52030bb9011972c5213c3350fa9d41fd",
          "version": "1.0.0"
        }
      },
      {
        "package": "SwiftyJSON",
        "repositoryURL": "https://github.com/SwiftyJSON/SwiftyJSON.git",
        "state": {
          "branch": null,
          "revision": "b3dcd7dbd0d488e1a7077cb33b00f2083e382f07",
          "version": "5.0.1"
        }
      },
      {
        "package": "Tabman",
        "repositoryURL": "https://github.com/uias/Tabman",
        "state": {
          "branch": null,
          "revision": "f43489cdd743ba7ad86a422ebb5fcbf34e333df4",
          "version": "2.11.1"
        }
      },
      {
        "package": "ThirdPartyMailer",
        "repositoryURL": "https://github.com/vtourraine/ThirdPartyMailer.git",
        "state": {
          "branch": null,
          "revision": "923c60ee7588da47db8cfc4e0f5b96e5e605ef84",
          "version": "1.7.1"
        }
      },
      {
        "package": "TOCropViewController",
        "repositoryURL": "https://github.com/TimOliver/TOCropViewController.git",
        "state": {
          "branch": null,
          "revision": "dad97167bf1be16aeecd109130900995dd01c515",
          "version": "2.6.0"
        }
      },
      {
        "package": "TwitterTextEditor",
        "repositoryURL": "https://github.com/MainasuK/TwitterTextEditor",
        "state": {
          "branch": "feature/input-view",
          "revision": "1e565d13e3c26fc2bedeb418890df42f80d6e3d5",
          "version": null
        }
      },
      {
        "package": "UITextView+Placeholder",
        "repositoryURL": "https://github.com/MainasuK/UITextView-Placeholder",
        "state": {
          "branch": null,
          "revision": "20f513ded04a040cdf5467f0891849b1763ede3b",
          "version": "1.4.1"
        }
      }
    ]
  },
  "version": 1
}
